{
    "_readme": [
        "This file locks the dependencies of your project to a known state",
        "Read more about it at https://getcomposer.org/doc/01-basic-usage.md#installing-dependencies",
        "This file is @generated automatically"
    ],
    "content-hash": "687b92ca7f755c49c9e17a73f8601bd1",
    "packages": [],
    "packages-dev": [
        {
            "name": "websyspro/common",
            "version": "dev-main",
            "source": {
                "type": "git",
                "url": "https://github.com/websyspro/common.git",
                "reference": "a1dbb189c87d1a6a5dcd0af5e6c27c2b59d0ef93"
            },
            "dist": {
                "type": "zip",
                "url": "https://api.github.com/repos/websyspro/common/zipball/a1dbb189c87d1a6a5dcd0af5e6c27c2b59d0ef93",
                "reference": "a1dbb189c87d1a6a5dcd0af5e6c27c2b59d0ef93",
                "shasum": ""
            },
            "default-branch": true,
            "type": "library",
            "autoload": {
                "psr-4": {
                    "Websyspro\\Commons\\": "src/"
                }
            },
            "notification-url": "https://packagist.org/downloads/",
            "license": [
                "MIT"
            ],
            "authors": [
                {
                    "name": "websyspro",
                    "email": "websyspro.services@gmail.com"
                }
            ],
            "description": "Set of PHP features for use in Libraries",
            "support": {
                "issues": "https://github.com/websyspro/common/issues",
                "source": "https://github.com/websyspro/common/tree/main"
            },
            "time": "2025-08-01T03:17:37+00:00"
        },
        {
            "name": "websyspro/database",
            "version": "dev-main",
            "source": {
                "type": "git",
                "url": "https://github.com/websyspro/database.git",
                "reference": "1e2c6f57eea7601cb75a652f92ec6e743f279a02"
            },
            "dist": {
                "type": "zip",
                "url": "https://api.github.com/repos/websyspro/database/zipball/1e2c6f57eea7601cb75a652f92ec6e743f279a02",
                "reference": "1e2c6f57eea7601cb75a652f92ec6e743f279a02",
                "shasum": ""
            },
            "require-dev": {
                "websyspro/common": "dev-main",
                "websyspro/dynamicsql": "dev-main",
                "websyspro/logger": "dev-main"
            },
            "default-branch": true,
            "type": "library",
            "autoload": {
                "psr-4": {
                    "Websyspro\\Database\\": "src/"
                }
            },
            "notification-url": "https://packagist.org/downloads/",
            "license": [
                "MIT"
            ],
            "authors": [
                {
                    "name": "websyspro",
                    "email": "websyspro.services@gmail.com"
                }
            ],
            "description": "Set of features in PHP for creating entitys for database",
            "support": {
                "issues": "https://github.com/websyspro/database/issues",
                "source": "https://github.com/websyspro/database/tree/main"
            },
            "time": "2025-08-01T00:13:47+00:00"
        },
        {
            "name": "websyspro/dynamicsql",
            "version": "dev-main",
            "source": {
                "type": "git",
                "url": "https://github.com/websyspro/dynamicsql.git",
                "reference": "f35156350d8f66c6e269270b61dd874f71610900"
            },
            "dist": {
                "type": "zip",
                "url": "https://api.github.com/repos/websyspro/dynamicsql/zipball/f35156350d8f66c6e269270b61dd874f71610900",
                "reference": "f35156350d8f66c6e269270b61dd874f71610900",
                "shasum": ""
            },
            "require-dev": {
                "websyspro/common": "dev-main",
                "websyspro/entity": "dev-main",
                "websyspro/watch": "dev-main"
            },
            "default-branch": true,
            "type": "library",
            "autoload": {
                "files": [
                    "src/Methods.php"
                ],
                "psr-4": {
                    "Websyspro\\DynamicSql\\": "src/"
                }
            },
            "notification-url": "https://packagist.org/downloads/",
            "license": [
                "MIT"
            ],
            "authors": [
                {
                    "name": "websyspro",
                    "email": "websyspro.services@gmail.com"
                }
            ],
            "description": "Set of features in PHP for creating dynamic SQL",
            "support": {
                "issues": "https://github.com/websyspro/dynamicsql/issues",
                "source": "https://github.com/websyspro/dynamicsql/tree/main"
            },
            "time": "2025-07-30T21:42:33+00:00"
        },
        {
            "name": "websyspro/entity",
            "version": "dev-main",
            "source": {
                "type": "git",
                "url": "https://github.com/websyspro/entity.git",
                "reference": "126462dcdab0035064358d91c099c5c0cc0e7015"
            },
            "dist": {
                "type": "zip",
                "url": "https://api.github.com/repos/websyspro/entity/zipball/126462dcdab0035064358d91c099c5c0cc0e7015",
                "reference": "126462dcdab0035064358d91c099c5c0cc0e7015",
                "shasum": ""
            },
            "require-dev": {
                "websyspro/common": "dev-main",
                "websyspro/database": "dev-main",
                "websyspro/dynamicsql": "dev-main",
                "websyspro/logger": "dev-main",
                "websyspro/watch": "dev-main"
            },
            "default-branch": true,
            "type": "library",
            "autoload": {
                "psr-4": {
                    "Websyspro\\Entity\\": "src/"
                }
            },
            "notification-url": "https://packagist.org/downloads/",
            "license": [
                "MIT"
            ],
            "authors": [
                {
                    "name": "websyspro",
                    "email": "websyspro.services@gmail.com"
                }
            ],
            "description": "Set of features in PHP for creating entitys for database",
            "support": {
                "issues": "https://github.com/websyspro/entity/issues",
                "source": "https://github.com/websyspro/entity/tree/main"
            },
            "time": "2025-08-01T03:39:13+00:00"
        },
        {
            "name": "websyspro/jwt",
            "version": "dev-main",
            "source": {
                "type": "git",
                "url": "https://github.com/websyspro/jwt.git",
                "reference": "a50aed6d06de9e5fdc4d3ec1d603a68aef8a55e1"
            },
            "dist": {
                "type": "zip",
                "url": "https://api.github.com/repos/websyspro/jwt/zipball/a50aed6d06de9e5fdc4d3ec1d603a68aef8a55e1",
                "reference": "a50aed6d06de9e5fdc4d3ec1d603a68aef8a55e1",
                "shasum": ""
            },
            "require-dev": {
                "websyspro/common": "dev-main"
            },
            "default-branch": true,
            "type": "library",
            "autoload": {
                "psr-4": {
                    "Websyspro\\Jwt\\": "src/"
                }
            },
            "notification-url": "https://packagist.org/downloads/",
            "license": [
                "MIT"
            ],
            "authors": [
                {
                    "name": "websyspro",
                    "email": "websyspro.services@gmail.com"
                }
            ],
            "description": "JWT generator and validator for php",
            "support": {
                "issues": "https://github.com/websyspro/jwt/issues",
                "source": "https://github.com/websyspro/jwt/tree/main"
            },
            "time": "2025-07-04T15:14:00+00:00"
        },
        {
            "name": "websyspro/logger",
            "version": "dev-main",
            "source": {
                "type": "git",
                "url": "https://github.com/websyspro/logger.git",
                "reference": "eb78b817d6038b4b234404513520884f5ba3d660"
            },
            "dist": {
                "type": "zip",
                "url": "https://api.github.com/repos/websyspro/logger/zipball/eb78b817d6038b4b234404513520884f5ba3d660",
                "reference": "eb78b817d6038b4b234404513520884f5ba3d660",
                "shasum": ""
            },
            "default-branch": true,
            "type": "library",
            "autoload": {
                "psr-4": {
                    "Websyspro\\Logger\\": "src/"
                }
            },
            "notification-url": "https://packagist.org/downloads/",
            "license": [
                "MIT"
            ],
            "authors": [
                {
                    "name": "websyspro",
                    "email": "websyspro.services@gmail.com"
                }
            ],
            "description": "Library for logs in server api",
            "support": {
                "issues": "https://github.com/websyspro/logger/issues",
                "source": "https://github.com/websyspro/logger/tree/main"
            },
            "time": "2025-07-09T16:47:37+00:00"
        },
        {
            "name": "websyspro/watch",
            "version": "dev-main",
            "source": {
                "type": "git",
                "url": "https://github.com/websyspro/watch.git",
                "reference": "b8b3eb1d92c283e42a78f5422f206d027ca7be2a"
            },
            "dist": {
                "type": "zip",
                "url": "https://api.github.com/repos/websyspro/watch/zipball/b8b3eb1d92c283e42a78f5422f206d027ca7be2a",
                "reference": "b8b3eb1d92c283e42a78f5422f206d027ca7be2a",
                "shasum": ""
            },
            "default-branch": true,
            "type": "library",
            "autoload": {
                "psr-4": {
                    "Websyspro\\Watch\\": "src/"
                }
            },
            "notification-url": "https://packagist.org/downloads/",
            "license": [
                "MIT"
            ],
            "authors": [
                {
                    "name": "websyspro",
                    "email": "websyspro.services@gmail.com"
                }
            ],
            "description": "File watcher for PHP projects using PowerShell",
            "support": {
                "issues": "https://github.com/websyspro/watch/issues",
                "source": "https://github.com/websyspro/watch/tree/main"
            },
            "time": "2025-05-18T13:55:42+00:00"
        }
    ],
    "aliases": [],
    "minimum-stability": "stable",
    "stability-flags": {
        "websyspro/common": 20,
        "websyspro/database": 20,
        "websyspro/dynamicsql": 20,
        "websyspro/entity": 20,
        "websyspro/jwt": 20,
        "websyspro/logger": 20,
        "websyspro/watch": 20
    },
    "prefer-stable": false,
    "prefer-lowest": false,
    "platform": {},
    "platform-dev": {},
    "plugin-api-version": "2.6.0"
}
