{
    "_readme": [
        "This file locks the dependencies of your project to a known state",
        "Read more about it at https://getcomposer.org/doc/01-basic-usage.md#installing-dependencies",
        "This file is @generated automatically"
    ],
    "content-hash": "687b92ca7f755c49c9e17a73f8601bd1",
    "packages": [],
    "packages-dev": [
        {
            "name": "websyspro/common",
            "version": "dev-main",
            "source": {
                "type": "git",
                "url": "https://github.com/websyspro/common.git",
                "reference": "a18e9664518d6bf02215b331ef328886ee8b9c82"
            },
            "dist": {
                "type": "zip",
                "url": "https://api.github.com/repos/websyspro/common/zipball/a18e9664518d6bf02215b331ef328886ee8b9c82",
                "reference": "a18e9664518d6bf02215b331ef328886ee8b9c82",
                "shasum": ""
            },
            "require-dev": {
                "websyspro/entity": "dev-main"
            },
            "default-branch": true,
            "type": "library",
            "autoload": {
                "files": [
                    "src/Methods.php"
                ],
                "psr-4": {
                    "Websyspro\\Commons\\": "src/"
                }
            },
            "notification-url": "https://packagist.org/downloads/",
            "license": [
                "MIT"
            ],
            "authors": [
                {
                    "name": "websyspro",
                    "email": "websyspro.services@gmail.com"
                }
            ],
            "description": "Set of PHP features for use in Libraries",
            "support": {
                "issues": "https://github.com/websyspro/common/issues",
                "source": "https://github.com/websyspro/common/tree/main"
            },
            "time": "2025-10-14T01:28:35+00:00"
        },
        {
            "name": "websyspro/database",
            "version": "dev-main",
            "source": {
                "type": "git",
                "url": "https://github.com/websyspro/database.git",
                "reference": "8754371da6fabdd3412f74cffe407f01cdc23832"
            },
            "dist": {
                "type": "zip",
                "url": "https://api.github.com/repos/websyspro/database/zipball/8754371da6fabdd3412f74cffe407f01cdc23832",
                "reference": "8754371da6fabdd3412f74cffe407f01cdc23832",
                "shasum": ""
            },
            "require-dev": {
                "websyspro/common": "dev-main",
                "websyspro/dynamicsql": "dev-main",
                "websyspro/logger": "dev-main"
            },
            "default-branch": true,
            "type": "library",
            "autoload": {
                "psr-4": {
                    "Websyspro\\Database\\": "src/"
                }
            },
            "notification-url": "https://packagist.org/downloads/",
            "license": [
                "MIT"
            ],
            "authors": [
                {
                    "name": "websyspro",
                    "email": "websyspro.services@gmail.com"
                }
            ],
            "description": "Set of features in PHP for creating entitys for database",
            "support": {
                "issues": "https://github.com/websyspro/database/issues",
                "source": "https://github.com/websyspro/database/tree/main"
            },
            "time": "2025-10-07T13:05:19+00:00"
        },
        {
            "name": "websyspro/dynamicsql",
            "version": "dev-main",
            "source": {
                "type": "git",
                "url": "https://github.com/websyspro/dynamicsql.git",
                "reference": "dcdadc7ff52ad0466a1314b2e1157ad639f37b9a"
            },
            "dist": {
                "type": "zip",
                "url": "https://api.github.com/repos/websyspro/dynamicsql/zipball/dcdadc7ff52ad0466a1314b2e1157ad639f37b9a",
                "reference": "dcdadc7ff52ad0466a1314b2e1157ad639f37b9a",
                "shasum": ""
            },
            "require-dev": {
                "websyspro/common": "dev-main",
                "websyspro/entity": "dev-main",
                "websyspro/watch": "dev-main"
            },
            "default-branch": true,
            "type": "library",
            "autoload": {
                "files": [
                    "src/Methods.php"
                ],
                "psr-4": {
                    "Websyspro\\DynamicSql\\": "src/"
                }
            },
            "notification-url": "https://packagist.org/downloads/",
            "license": [
                "MIT"
            ],
            "authors": [
                {
                    "name": "websyspro",
                    "email": "websyspro.services@gmail.com"
                }
            ],
            "description": "Set of features in PHP for creating dynamic SQL",
            "support": {
                "issues": "https://github.com/websyspro/dynamicsql/issues",
                "source": "https://github.com/websyspro/dynamicsql/tree/main"
            },
            "time": "2025-10-11T23:37:52+00:00"
        },
        {
            "name": "websyspro/entity",
            "version": "dev-main",
            "source": {
                "type": "git",
                "url": "https://github.com/websyspro/entity.git",
                "reference": "5d07a272fab30e8a5a651f90095e83cbb0a41421"
            },
            "dist": {
                "type": "zip",
                "url": "https://api.github.com/repos/websyspro/entity/zipball/5d07a272fab30e8a5a651f90095e83cbb0a41421",
                "reference": "5d07a272fab30e8a5a651f90095e83cbb0a41421",
                "shasum": ""
            },
            "require-dev": {
                "websyspro/common": "dev-main",
                "websyspro/database": "dev-main",
                "websyspro/dynamicsql": "dev-main",
                "websyspro/logger": "dev-main",
                "websyspro/watch": "dev-main"
            },
            "default-branch": true,
            "type": "library",
            "autoload": {
                "psr-4": {
                    "Websyspro\\Entity\\": "src/"
                }
            },
            "notification-url": "https://packagist.org/downloads/",
            "license": [
                "MIT"
            ],
            "authors": [
                {
                    "name": "websyspro",
                    "email": "websyspro.services@gmail.com"
                }
            ],
            "description": "Set of features in PHP for creating entitys for database",
            "support": {
                "issues": "https://github.com/websyspro/entity/issues",
                "source": "https://github.com/websyspro/entity/tree/main"
            },
            "time": "2025-10-12T01:27:56+00:00"
        },
        {
            "name": "websyspro/jwt",
            "version": "dev-main",
            "source": {
                "type": "git",
                "url": "https://github.com/websyspro/jwt.git",
                "reference": "a50aed6d06de9e5fdc4d3ec1d603a68aef8a55e1"
            },
            "dist": {
                "type": "zip",
                "url": "https://api.github.com/repos/websyspro/jwt/zipball/a50aed6d06de9e5fdc4d3ec1d603a68aef8a55e1",
                "reference": "a50aed6d06de9e5fdc4d3ec1d603a68aef8a55e1",
                "shasum": ""
            },
            "require-dev": {
                "websyspro/common": "dev-main"
            },
            "default-branch": true,
            "type": "library",
            "autoload": {
                "psr-4": {
                    "Websyspro\\Jwt\\": "src/"
                }
            },
            "notification-url": "https://packagist.org/downloads/",
            "license": [
                "MIT"
            ],
            "authors": [
                {
                    "name": "websyspro",
                    "email": "websyspro.services@gmail.com"
                }
            ],
            "description": "JWT generator and validator for php",
            "support": {
                "issues": "https://github.com/websyspro/jwt/issues",
                "source": "https://github.com/websyspro/jwt/tree/main"
            },
            "time": "2025-07-04T15:14:00+00:00"
        },
        {
            "name": "websyspro/logger",
            "version": "dev-main",
            "source": {
                "type": "git",
                "url": "https://github.com/websyspro/logger.git",
                "reference": "df2f15af1992ab7287fd01968c75accec3863f56"
            },
            "dist": {
                "type": "zip",
                "url": "https://api.github.com/repos/websyspro/logger/zipball/df2f15af1992ab7287fd01968c75accec3863f56",
                "reference": "df2f15af1992ab7287fd01968c75accec3863f56",
                "shasum": ""
            },
            "default-branch": true,
            "type": "library",
            "autoload": {
                "psr-4": {
                    "Websyspro\\Logger\\": "src/"
                }
            },
            "notification-url": "https://packagist.org/downloads/",
            "license": [
                "MIT"
            ],
            "authors": [
                {
                    "name": "websyspro",
                    "email": "websyspro.services@gmail.com"
                }
            ],
            "description": "Library for logs in server api",
            "support": {
                "issues": "https://github.com/websyspro/logger/issues",
                "source": "https://github.com/websyspro/logger/tree/main"
            },
            "time": "2025-08-07T21:40:59+00:00"
        },
        {
            "name": "websyspro/watch",
            "version": "dev-main",
            "source": {
                "type": "git",
                "url": "https://github.com/websyspro/watch.git",
                "reference": "b8b3eb1d92c283e42a78f5422f206d027ca7be2a"
            },
            "dist": {
                "type": "zip",
                "url": "https://api.github.com/repos/websyspro/watch/zipball/b8b3eb1d92c283e42a78f5422f206d027ca7be2a",
                "reference": "b8b3eb1d92c283e42a78f5422f206d027ca7be2a",
                "shasum": ""
            },
            "default-branch": true,
            "type": "library",
            "autoload": {
                "psr-4": {
                    "Websyspro\\Watch\\": "src/"
                }
            },
            "notification-url": "https://packagist.org/downloads/",
            "license": [
                "MIT"
            ],
            "authors": [
                {
                    "name": "websyspro",
                    "email": "websyspro.services@gmail.com"
                }
            ],
            "description": "File watcher for PHP projects using PowerShell",
            "support": {
                "issues": "https://github.com/websyspro/watch/issues",
                "source": "https://github.com/websyspro/watch/tree/main"
            },
            "time": "2025-05-18T13:55:42+00:00"
        }
    ],
    "aliases": [],
    "minimum-stability": "stable",
    "stability-flags": {
        "websyspro/common": 20,
        "websyspro/database": 20,
        "websyspro/dynamicsql": 20,
        "websyspro/entity": 20,
        "websyspro/jwt": 20,
        "websyspro/logger": 20,
        "websyspro/watch": 20
    },
    "prefer-stable": false,
    "prefer-lowest": false,
    "platform": {},
    "platform-dev": {},
    "plugin-api-version": "2.6.0"
}
