{
    "_readme": [
        "This file locks the dependencies of your project to a known state",
        "Read more about it at https://getcomposer.org/doc/01-basic-usage.md#installing-dependencies",
        "This file is @generated automatically"
    ],
    "content-hash": "6708a90e3a62c9634108c84ed7dde127",
    "packages": [
        {
            "name": "websyspro/server",
            "version": "dev-main",
            "source": {
                "type": "git",
                "url": "https://github.com/websyspro/server.git",
                "reference": "acc7959a67b4b726d00327278d7a30f93913717f"
            },
            "dist": {
                "type": "zip",
                "url": "https://api.github.com/repos/websyspro/server/zipball/acc7959a67b4b726d00327278d7a30f93913717f",
                "reference": "acc7959a67b4b726d00327278d7a30f93913717f",
                "shasum": ""
            },
            "default-branch": true,
            "type": "library",
            "autoload": {
                "psr-4": {
                    "Websyspro\\Server\\": "src/"
                }
            },
            "notification-url": "https://packagist.org/downloads/",
            "authors": [
                {
                    "name": "websyspro",
                    "email": "cpd.emersontsa@gmail.com"
                }
            ],
            "description": "Library for managing controllers and services",
            "support": {
                "issues": "https://github.com/websyspro/server/issues",
                "source": "https://github.com/websyspro/server/tree/main"
            },
            "time": "2025-04-07T22:47:55+00:00"
        }
    ],
    "packages-dev": [],
    "aliases": [],
    "minimum-stability": "stable",
    "stability-flags": {
        "websyspro/server": 20
    },
    "prefer-stable": false,
    "prefer-lowest": false,
    "platform": {},
    "platform-dev": {},
    "plugin-api-version": "2.6.0"
}
